dependencies:
  espressif/libsodium:
    component_hash: 6ee084dee7a4d664498274870aa65391c9ec9d38dcdb34d2ad2b8518726f8b5e
    dependencies:
    - name: idf
      require: private
      version: '>=4.2'
    source:
      registry_url: https://components.espressif.com/
      type: service
    version: 1.0.20~3
  idf:
    source:
      type: idf
    version: 5.5.0
direct_dependencies:
- espressif/libsodium
manifest_hash: fe7a584d8cd2a11acd1aafe2bdc9b833ad09e175e15e7f991ee0bb6023dc416d
target: esp32
version: 2.0.0
